
Microsoft Visual Studio Solution File, Format Version 12.00
# Visual Studio Version 17
VisualStudioVersion = 17.9.34728.123
MinimumVisualStudioVersion = 10.0.40219.1
Project("{9A19103F-16F7-4668-BE54-9A1E7A4F7556}") = "ArcadeLab", "ArcadeLab.csproj", "{61F6B434-381F-4135-A4C6-461B4A7BC7B9}"
EndProject
Global
	GlobalSection(SolutionConfigurationPlatforms) = preSolution
		Debug|Any CPU = Debug|Any CPU
		Release|Any CPU = Release|Any CPU
	EndGlobalSection
	GlobalSection(ProjectConfigurationPlatforms) = postSolution
		{61F6B434-381F-4135-A4C6-461B4A7BC7B9}.Debug|Any CPU.ActiveCfg = Debug|Any CPU
		{61F6B434-381F-4135-A4C6-461B4A7BC7B9}.Debug|Any CPU.Build.0 = Debug|Any CPU
		{61F6B434-381F-4135-A4C6-461B4A7BC7B9}.Release|Any CPU.ActiveCfg = Release|Any CPU
		{61F6B434-381F-4135-A4C6-461B4A7BC7B9}.Release|Any CPU.Build.0 = Release|Any CPU
	EndGlobalSection
	GlobalSection(SolutionProperties) = preSolution
		HideSolutionNode = FALSE
	EndGlobalSection
	GlobalSection(ExtensibilityGlobals) = postSolution
		SolutionGuid = {A4761E63-11A8-4024-B427-EE1F79D3E8C5}
	EndGlobalSection
EndGlobal
